{
  "object": {
    "pins": [
      {
        "package": "MoviesApi",
        "repositoryURL": "https://github.com/vpogorelskiy/OTUS_MoviesApi",
        "state": {
          "branch": "main",
          "revision": "55b8fb28c318eb7f2e4677d2afc5ef67ff5bb31c",
          "version": null
        }
      }
    ]
  },
  "version": 1
}
