{
  "object": {
    "pins": [
      {
        "package": "OTUS_Packages",
        "repositoryURL": "https://github.com/vpogorelskiy/OTUS_Packages",
        "state": {
          "branch": "master",
          "revision": "b868086347bf408a1ceb292295e18cd7565b64f0",
          "version": null
        }
      }
    ]
  },
  "version": 1
}
