{
  "object": {
    "pins": [
      {
        "package": "OTUS_Packages",
        "repositoryURL": "https://github.com/vpogorelskiy/OTUS_Packages",
        "state": {
          "branch": "master",
          "revision": "0e79a5de76c1532e5a8ef28c1b34c8ce7fd03195",
          "version": null
        }
      }
    ]
  },
  "version": 1
}
